// !$*UTF8*$!
{
	archiveVersion = 1;
	classes = {
	};
	objectVersion = 56;
	objects = {

/* Begin PBXBuildFile section */
		6A2D910D2B0B2ED50032404D /* nextlevel.mp3 in Resources */ = {isa = PBXBuildFile; fileRef = 6A2D910C2B0B2ED50032404D /* nextlevel.mp3 */; };
		6A2D910F2B0B31F00032404D /* gameover.mp3 in Resources */ = {isa = PBXBuildFile; fileRef = 6A2D910E2B0B31F00032404D /* gameover.mp3 */; };
		6A2D91112B0B37800032404D /* end.mp3 in Resources */ = {isa = PBXBuildFile; fileRef = 6A2D91102B0B37800032404D /* end.mp3 */; };
		6A2D91132B0B45810032404D /* SplashController.swift in Sources */ = {isa = PBXBuildFile; fileRef = 6A2D91122B0B45810032404D /* SplashController.swift */; };
		6A6450542B028A33004EE336 /* AppDelegate.swift in Sources */ = {isa = PBXBuildFile; fileRef = 6A6450532B028A33004EE336 /* AppDelegate.swift */; };
		6A6450562B028A33004EE336 /* SceneDelegate.swift in Sources */ = {isa = PBXBuildFile; fileRef = 6A6450552B028A33004EE336 /* SceneDelegate.swift */; };
		6A6450582B028A33004EE336 /* ViewController.swift in Sources */ = {isa = PBXBuildFile; fileRef = 6A6450572B028A33004EE336 /* ViewController.swift */; };
		6A64505B2B028A33004EE336 /* Main.storyboard in Resources */ = {isa = PBXBuildFile; fileRef = 6A6450592B028A33004EE336 /* Main.storyboard */; };
		6A64505D2B028A35004EE336 /* Assets.xcassets in Resources */ = {isa = PBXBuildFile; fileRef = 6A64505C2B028A35004EE336 /* Assets.xcassets */; };
		6A6450602B028A35004EE336 /* LaunchScreen.storyboard in Resources */ = {isa = PBXBuildFile; fileRef = 6A64505E2B028A35004EE336 /* LaunchScreen.storyboard */; };
/* End PBXBuildFile section */

/* Begin PBXFileReference section */
		6A2D910C2B0B2ED50032404D /* nextlevel.mp3 */ = {isa = PBXFileReference; lastKnownFileType = audio.mp3; path = nextlevel.mp3; sourceTree = "<group>"; };
		6A2D910E2B0B31F00032404D /* gameover.mp3 */ = {isa = PBXFileReference; lastKnownFileType = audio.mp3; path = gameover.mp3; sourceTree = "<group>"; };
		6A2D91102B0B37800032404D /* end.mp3 */ = {isa = PBXFileReference; lastKnownFileType = audio.mp3; path = end.mp3; sourceTree = "<group>"; };
		6A2D91122B0B45810032404D /* SplashController.swift */ = {isa = PBXFileReference; lastKnownFileType = sourcecode.swift; path = SplashController.swift; sourceTree = "<group>"; };
		6A6450502B028A33004EE336 /* appSuperGame1.app */ = {isa = PBXFileReference; explicitFileType = wrapper.application; includeInIndex = 0; path = appSuperGame1.app; sourceTree = BUILT_PRODUCTS_DIR; };
		6A6450532B028A33004EE336 /* AppDelegate.swift */ = {isa = PBXFileReference; lastKnownFileType = sourcecode.swift; path = AppDelegate.swift; sourceTree = "<group>"; };
		6A6450552B028A33004EE336 /* SceneDelegate.swift */ = {isa = PBXFileReference; lastKnownFileType = sourcecode.swift; path = SceneDelegate.swift; sourceTree = "<group>"; };
		6A6450572B028A33004EE336 /* ViewController.swift */ = {isa = PBXFileReference; lastKnownFileType = sourcecode.swift; path = ViewController.swift; sourceTree = "<group>"; };
		6A64505A2B028A33004EE336 /* Base */ = {isa = PBXFileReference; lastKnownFileType = file.storyboard; name = Base; path = Base.lproj/Main.storyboard; sourceTree = "<group>"; };
		6A64505C2B028A35004EE336 /* Assets.xcassets */ = {isa = PBXFileReference; lastKnownFileType = folder.assetcatalog; path = Assets.xcassets; sourceTree = "<group>"; };
		6A64505F2B028A35004EE336 /* Base */ = {isa = PBXFileReference; lastKnownFileType = file.storyboard; name = Base; path = Base.lproj/LaunchScreen.storyboard; sourceTree = "<group>"; };
		6A6450612B028A35004EE336 /* Info.plist */ = {isa = PBXFileReference; lastKnownFileType = text.plist.xml; path = Info.plist; sourceTree = "<group>"; };
/* End PBXFileReference section */

/* Begin PBXFrameworksBuildPhase section */
		6A64504D2B028A33004EE336 /* Frameworks */ = {
			isa = PBXFrameworksBuildPhase;
			buildActionMask = 2147483647;
			files = (
			);
			runOnlyForDeploymentPostprocessing = 0;
		};
/* End PBXFrameworksBuildPhase section */

/* Begin PBXGroup section */
		6A6450472B028A33004EE336 = {
			isa = PBXGroup;
			children = (
				6A6450522B028A33004EE336 /* appSuperGame1 */,
				6A6450512B028A33004EE336 /* Products */,
			);
			sourceTree = "<group>";
		};
		6A6450512B028A33004EE336 /* Products */ = {
			isa = PBXGroup;
			children = (
				6A6450502B028A33004EE336 /* appSuperGame1.app */,
			);
			name = Products;
			sourceTree = "<group>";
		};
		6A6450522B028A33004EE336 /* appSuperGame1 */ = {
			isa = PBXGroup;
			children = (
				6A6450532B028A33004EE336 /* AppDelegate.swift */,
				6A6450552B028A33004EE336 /* SceneDelegate.swift */,
				6A6450572B028A33004EE336 /* ViewController.swift */,
				6A2D91122B0B45810032404D /* SplashController.swift */,
				6A6450592B028A33004EE336 /* Main.storyboard */,
				6A64505C2B028A35004EE336 /* Assets.xcassets */,
				6A64505E2B028A35004EE336 /* LaunchScreen.storyboard */,
				6A6450612B028A35004EE336 /* Info.plist */,
				6A2D910C2B0B2ED50032404D /* nextlevel.mp3 */,
				6A2D910E2B0B31F00032404D /* gameover.mp3 */,
				6A2D91102B0B37800032404D /* end.mp3 */,
			);
			path = appSuperGame1;
			sourceTree = "<group>";
		};
/* End PBXGroup section */

/* Begin PBXNativeTarget section */
		6A64504F2B028A33004EE336 /* appSuperGame1 */ = {
			isa = PBXNativeTarget;
			buildConfigurationList = 6A6450642B028A35004EE336 /* Build configuration list for PBXNativeTarget "appSuperGame1" */;
			buildPhases = (
				6A64504C2B028A33004EE336 /* Sources */,
				6A64504D2B028A33004EE336 /* Frameworks */,
				6A64504E2B028A33004EE336 /* Resources */,
			);
			buildRules = (
			);
			dependencies = (
			);
			name = appSuperGame1;
			productName = appSuperGame1;
			productReference = 6A6450502B028A33004EE336 /* appSuperGame1.app */;
			productType = "com.apple.product-type.application";
		};
/* End PBXNativeTarget section */

/* Begin PBXProject section */
		6A6450482B028A33004EE336 /* Project object */ = {
			isa = PBXProject;
			attributes = {
				BuildIndependentTargetsInParallel = 1;
				LastSwiftUpdateCheck = 1430;
				LastUpgradeCheck = 1430;
				TargetAttributes = {
					6A64504F2B028A33004EE336 = {
						CreatedOnToolsVersion = 14.3.1;
					};
				};
			};
			buildConfigurationList = 6A64504B2B028A33004EE336 /* Build configuration list for PBXProject "appSuperGame1" */;
			compatibilityVersion = "Xcode 14.0";
			developmentRegion = en;
			hasScannedForEncodings = 0;
			knownRegions = (
				en,
				Base,
			);
			mainGroup = 6A6450472B028A33004EE336;
			productRefGroup = 6A6450512B028A33004EE336 /* Products */;
			projectDirPath = "";
			projectRoot = "";
			targets = (
				6A64504F2B028A33004EE336 /* appSuperGame1 */,
			);
		};
/* End PBXProject section */

/* Begin PBXResourcesBuildPhase section */
		6A64504E2B028A33004EE336 /* Resources */ = {
			isa = PBXResourcesBuildPhase;
			buildActionMask = 2147483647;
			files = (
				6A2D91112B0B37800032404D /* end.mp3 in Resources */,
				6A6450602B028A35004EE336 /* LaunchScreen.storyboard in Resources */,
				6A2D910F2B0B31F00032404D /* gameover.mp3 in Resources */,
				6A64505D2B028A35004EE336 /* Assets.xcassets in Resources */,
				6A2D910D2B0B2ED50032404D /* nextlevel.mp3 in Resources */,
				6A64505B2B028A33004EE336 /* Main.storyboard in Resources */,
			);
			runOnlyForDeploymentPostprocessing = 0;
		};
/* End PBXResourcesBuildPhase section */

/* Begin PBXSourcesBuildPhase section */
		6A64504C2B028A33004EE336 /* Sources */ = {
			isa = PBXSourcesBuildPhase;
			buildActionMask = 2147483647;
			files = (
				6A2D91132B0B45810032404D /* SplashController.swift in Sources */,
				6A6450582B028A33004EE336 /* ViewController.swift in Sources */,
				6A6450542B028A33004EE336 /* AppDelegate.swift in Sources */,
				6A6450562B028A33004EE336 /* SceneDelegate.swift in Sources */,
			);
			runOnlyForDeploymentPostprocessing = 0;
		};
/* End PBXSourcesBuildPhase section */

/* Begin PBXVariantGroup section */
		6A6450592B028A33004EE336 /* Main.storyboard */ = {
			isa = PBXVariantGroup;
			children = (
				6A64505A2B028A33004EE336 /* Base */,
			);
			name = Main.storyboard;
			sourceTree = "<group>";
		};
		6A64505E2B028A35004EE336 /* LaunchScreen.storyboard */ = {
			isa = PBXVariantGroup;
			children = (
				6A64505F2B028A35004EE336 /* Base */,
			);
			name = LaunchScreen.storyboard;
			sourceTree = "<group>";
		};
/* End PBXVariantGroup section */

/* Begin XCBuildConfiguration section */
		6A6450622B028A35004EE336 /* Debug */ = {
			isa = XCBuildConfiguration;
			buildSettings = {
				ALWAYS_SEARCH_USER_PATHS = NO;
				CLANG_ANALYZER_NONNULL = YES;
				CLANG_ANALYZER_NUMBER_OBJECT_CONVERSION = YES_AGGRESSIVE;
				CLANG_CXX_LANGUAGE_STANDARD = "gnu++20";
				CLANG_ENABLE_MODULES = YES;
				CLANG_ENABLE_OBJC_ARC = YES;
				CLANG_ENABLE_OBJC_WEAK = YES;
				CLANG_WARN_BLOCK_CAPTURE_AUTORELEASING = YES;
				CLANG_WARN_BOOL_CONVERSION = YES;
				CLANG_WARN_COMMA = YES;
				CLANG_WARN_CONSTANT_CONVERSION = YES;
				CLANG_WARN_DEPRECATED_OBJC_IMPLEMENTATIONS = YES;
				CLANG_WARN_DIRECT_OBJC_ISA_USAGE = YES_ERROR;
				CLANG_WARN_DOCUMENTATION_COMMENTS = YES;
				CLANG_WARN_EMPTY_BODY = YES;
				CLANG_WARN_ENUM_CONVERSION = YES;
				CLANG_WARN_INFINITE_RECURSION = YES;
				CLANG_WARN_INT_CONVERSION = YES;
				CLANG_WARN_NON_LITERAL_NULL_CONVERSION = YES;
				CLANG_WARN_OBJC_IMPLICIT_RETAIN_SELF = YES;
				CLANG_WARN_OBJC_LITERAL_CONVERSION = YES;
				CLANG_WARN_OBJC_ROOT_CLASS = YES_ERROR;
				CLANG_WARN_QUOTED_INCLUDE_IN_FRAMEWORK_HEADER = YES;
				CLANG_WARN_RANGE_LOOP_ANALYSIS = YES;
				CLANG_WARN_STRICT_PROTOTYPES = YES;
				CLANG_WARN_SUSPICIOUS_MOVE = YES;
				CLANG_WARN_UNGUARDED_AVAILABILITY = YES_AGGRESSIVE;
				CLANG_WARN_UNREACHABLE_CODE = YES;
				CLANG_WARN__DUPLICATE_METHOD_MATCH = YES;
				COPY_PHASE_STRIP = NO;
				DEBUG_INFORMATION_FORMAT = dwarf;
				ENABLE_STRICT_OBJC_MSGSEND = YES;
				ENABLE_TESTABILITY = YES;
				GCC_C_LANGUAGE_STANDARD = gnu11;
				GCC_DYNAMIC_NO_PIC = NO;
				GCC_NO_COMMON_BLOCKS = YES;
				GCC_OPTIMIZATION_LEVEL = 0;
				GCC_PREPROCESSOR_DEFINITIONS = (
					"DEBUG=1",
					"$(inherited)",
				);
				GCC_WARN_64_TO_32_BIT_CONVERSION = YES;
				GCC_WARN_ABOUT_RETURN_TYPE = YES_ERROR;
				GCC_WARN_UNDECLARED_SELECTOR = YES;
				GCC_WARN_UNINITIALIZED_AUTOS = YES_AGGRESSIVE;
				GCC_WARN_UNUSED_FUNCTION = YES;
				GCC_WARN_UNUSED_VARIABLE = YES;
				IPHONEOS_DEPLOYMENT_TARGET = 16.4;
				MTL_ENABLE_DEBUG_INFO = INCLUDE_SOURCE;
				MTL_FAST_MATH = YES;
				ONLY_ACTIVE_ARCH = YES;
				SDKROOT = iphoneos;
				SWIFT_ACTIVE_COMPILATION_CONDITIONS = DEBUG;
				SWIFT_OPTIMIZATION_LEVEL = "-Onone";
			};
			name = Debug;
		};
		6A6450632B028A35004EE336 /* Release */ = {
			isa = XCBuildConfiguration;
			buildSettings = {
				ALWAYS_SEARCH_USER_PATHS = NO;
				CLANG_ANALYZER_NONNULL = YES;
				CLANG_ANALYZER_NUMBER_OBJECT_CONVERSION = YES_AGGRESSIVE;
				CLANG_CXX_LANGUAGE_STANDARD = "gnu++20";
				CLANG_ENABLE_MODULES = YES;
				CLANG_ENABLE_OBJC_ARC = YES;
				CLANG_ENABLE_OBJC_WEAK = YES;
				CLANG_WARN_BLOCK_CAPTURE_AUTORELEASING = YES;
				CLANG_WARN_BOOL_CONVERSION = YES;
				CLANG_WARN_COMMA = YES;
				CLANG_WARN_CONSTANT_CONVERSION = YES;
				CLANG_WARN_DEPRECATED_OBJC_IMPLEMENTATIONS = YES;
				CLANG_WARN_DIRECT_OBJC_ISA_USAGE = YES_ERROR;
				CLANG_WARN_DOCUMENTATION_COMMENTS = YES;
				CLANG_WARN_EMPTY_BODY = YES;
				CLANG_WARN_ENUM_CONVERSION = YES;
				CLANG_WARN_INFINITE_RECURSION = YES;
				CLANG_WARN_INT_CONVERSION = YES;
				CLANG_WARN_NON_LITERAL_NULL_CONVERSION = YES;
				CLANG_WARN_OBJC_IMPLICIT_RETAIN_SELF = YES;
				CLANG_WARN_OBJC_LITERAL_CONVERSION = YES;
				CLANG_WARN_OBJC_ROOT_CLASS = YES_ERROR;
				CLANG_WARN_QUOTED_INCLUDE_IN_FRAMEWORK_HEADER = YES;
				CLANG_WARN_RANGE_LOOP_ANALYSIS = YES;
				CLANG_WARN_STRICT_PROTOTYPES = YES;
				CLANG_WARN_SUSPICIOUS_MOVE = YES;
				CLANG_WARN_UNGUARDED_AVAILABILITY = YES_AGGRESSIVE;
				CLANG_WARN_UNREACHABLE_CODE = YES;
				CLANG_WARN__DUPLICATE_METHOD_MATCH = YES;
				COPY_PHASE_STRIP = NO;
				DEBUG_INFORMATION_FORMAT = "dwarf-with-dsym";
				ENABLE_NS_ASSERTIONS = NO;
				ENABLE_STRICT_OBJC_MSGSEND = YES;
				GCC_C_LANGUAGE_STANDARD = gnu11;
				GCC_NO_COMMON_BLOCKS = YES;
				GCC_WARN_64_TO_32_BIT_CONVERSION = YES;
				GCC_WARN_ABOUT_RETURN_TYPE = YES_ERROR;
				GCC_WARN_UNDECLARED_SELECTOR = YES;
				GCC_WARN_UNINITIALIZED_AUTOS = YES_AGGRESSIVE;
				GCC_WARN_UNUSED_FUNCTION = YES;
				GCC_WARN_UNUSED_VARIABLE = YES;
				IPHONEOS_DEPLOYMENT_TARGET = 16.4;
				MTL_ENABLE_DEBUG_INFO = NO;
				MTL_FAST_MATH = YES;
				SDKROOT = iphoneos;
				SWIFT_COMPILATION_MODE = wholemodule;
				SWIFT_OPTIMIZATION_LEVEL = "-O";
				VALIDATE_PRODUCT = YES;
			};
			name = Release;
		};
		6A6450652B028A35004EE336 /* Debug */ = {
			isa = XCBuildConfiguration;
			buildSettings = {
				ASSETCATALOG_COMPILER_APPICON_NAME = AppIcon;
				ASSETCATALOG_COMPILER_GLOBAL_ACCENT_COLOR_NAME = AccentColor;
				CODE_SIGN_STYLE = Automatic;
				CURRENT_PROJECT_VERSION = 1;
				DEVELOPMENT_TEAM = XUA7649BV7;
				GENERATE_INFOPLIST_FILE = YES;
				INFOPLIST_FILE = appSuperGame1/Info.plist;
				INFOPLIST_KEY_UIApplicationSupportsIndirectInputEvents = YES;
				INFOPLIST_KEY_UILaunchStoryboardName = LaunchScreen;
				INFOPLIST_KEY_UIMainStoryboardFile = Main;
				INFOPLIST_KEY_UISupportedInterfaceOrientations_iPad = "UIInterfaceOrientationPortrait UIInterfaceOrientationPortraitUpsideDown UIInterfaceOrientationLandscapeLeft UIInterfaceOrientationLandscapeRight";
				INFOPLIST_KEY_UISupportedInterfaceOrientations_iPhone = "UIInterfaceOrientationPortrait UIInterfaceOrientationLandscapeLeft UIInterfaceOrientationLandscapeRight";
				LD_RUNPATH_SEARCH_PATHS = (
					"$(inherited)",
					"@executable_path/Frameworks",
				);
				MARKETING_VERSION = 1.0;
				PRODUCT_BUNDLE_IDENTIFIER = Jorge.appSuperGame1;
				PRODUCT_NAME = "$(TARGET_NAME)";
				SWIFT_EMIT_LOC_STRINGS = YES;
				SWIFT_VERSION = 5.0;
				TARGETED_DEVICE_FAMILY = "1,2";
			};
			name = Debug;
		};
		6A6450662B028A35004EE336 /* Release */ = {
			isa = XCBuildConfiguration;
			buildSettings = {
				ASSETCATALOG_COMPILER_APPICON_NAME = AppIcon;
				ASSETCATALOG_COMPILER_GLOBAL_ACCENT_COLOR_NAME = AccentColor;
				CODE_SIGN_STYLE = Automatic;
				CURRENT_PROJECT_VERSION = 1;
				DEVELOPMENT_TEAM = XUA7649BV7;
				GENERATE_INFOPLIST_FILE = YES;
				INFOPLIST_FILE = appSuperGame1/Info.plist;
				INFOPLIST_KEY_UIApplicationSupportsIndirectInputEvents = YES;
				INFOPLIST_KEY_UILaunchStoryboardName = LaunchScreen;
				INFOPLIST_KEY_UIMainStoryboardFile = Main;
				INFOPLIST_KEY_UISupportedInterfaceOrientations_iPad = "UIInterfaceOrientationPortrait UIInterfaceOrientationPortraitUpsideDown UIInterfaceOrientationLandscapeLeft UIInterfaceOrientationLandscapeRight";
				INFOPLIST_KEY_UISupportedInterfaceOrientations_iPhone = "UIInterfaceOrientationPortrait UIInterfaceOrientationLandscapeLeft UIInterfaceOrientationLandscapeRight";
				LD_RUNPATH_SEARCH_PATHS = (
					"$(inherited)",
					"@executable_path/Frameworks",
				);
				MARKETING_VERSION = 1.0;
				PRODUCT_BUNDLE_IDENTIFIER = Jorge.appSuperGame1;
				PRODUCT_NAME = "$(TARGET_NAME)";
				SWIFT_EMIT_LOC_STRINGS = YES;
				SWIFT_VERSION = 5.0;
				TARGETED_DEVICE_FAMILY = "1,2";
			};
			name = Release;
		};
/* End XCBuildConfiguration section */

/* Begin XCConfigurationList section */
		6A64504B2B028A33004EE336 /* Build configuration list for PBXProject "appSuperGame1" */ = {
			isa = XCConfigurationList;
			buildConfigurations = (
				6A6450622B028A35004EE336 /* Debug */,
				6A6450632B028A35004EE336 /* Release */,
			);
			defaultConfigurationIsVisible = 0;
			defaultConfigurationName = Release;
		};
		6A6450642B028A35004EE336 /* Build configuration list for PBXNativeTarget "appSuperGame1" */ = {
			isa = XCConfigurationList;
			buildConfigurations = (
				6A6450652B028A35004EE336 /* Debug */,
				6A6450662B028A35004EE336 /* Release */,
			);
			defaultConfigurationIsVisible = 0;
			defaultConfigurationName = Release;
		};
/* End XCConfigurationList section */
	};
	rootObject = 6A6450482B028A33004EE336 /* Project object */;
}
